{
  "name": "learning-management-system",
  "lockfileVersion": 3,
  "requires": true,
  "packages": {
    "": {
      "devDependencies": {
        "@types/nodemailer": "^6.4.11"
      }
    },
    "node_modules/@types/node": {
      "version": "20.8.2",
      "resolved": "https://registry.npmjs.org/@types/node/-/node-20.8.2.tgz",
      "integrity": "sha512-Vvycsc9FQdwhxE3y3DzeIxuEJbWGDsnrxvMADzTDF/lcdR9/K+AQIeAghTQsHtotg/q0j3WEOYS/jQgSdWue3w==",
      "dev": true
    },
    "node_modules/@types/nodemailer": {
      "version": "6.4.11",
      "resolved": "https://registry.npmjs.org/@types/nodemailer/-/nodemailer-6.4.11.tgz",
      "integrity": "sha512-Ld2c0frwpGT4VseuoeboCXQ7UJIkK3X7Lx/4YsZEiUHtHsthWAOCYtf6PAiLhMtfwV0cWJRabLBS3+LD8x6Nrw==",
      "dev": true,
      "dependencies": {
        "@types/node": "*"
      }
    }
  }
}
